{
  "version": 4,
  "terraform_version": "1.4.6",
  "serial": 7,
  "lineage": "b89b1028-fb1e-dfd3-cfd1-d06d3eccc9a4",
  "outputs": {
    "public-ip": {
      "value": "54.80.81.140",
      "type": "string"
    },
    "ssh-command": {
      "value": "ssh -i keypair.pem ec2-user@ec2-54-80-81-140.compute-1.amazonaws.com",
      "type": "string"
    }
  },
  "resources": [
    {
      "mode": "data",
      "type": "aws_ami",
      "name": "amazon-2",
      "provider": "provider[\"registry.terraform.io/hashicorp/aws\"]",
      "instances": [
        {
          "schema_version": 0,
          "attributes": {
            "architecture": "x86_64",
            "arn": "arn:aws:ec2:us-east-1::image/ami-0526a2527b50a2d9c",
            "block_device_mappings": [
              {
                "device_name": "/dev/xvda",
                "ebs": {
                  "delete_on_termination": "true",
                  "encrypted": "false",
                  "iops": "0",
                  "snapshot_id": "snap-052382014ff7cbeda",
                  "throughput": "0",
                  "volume_size": "8",
                  "volume_type": "standard"
                },
                "no_device": "",
                "virtual_name": ""
              }
            ],
            "boot_mode": "",
            "creation_date": "2024-10-14T21:49:32.000Z",
            "deprecation_time": "2025-07-01T00:00:00.000Z",
            "description": "Amazon Linux 2 AMI 2.0.20241014.0 x86_64 HVM ebs",
            "ena_support": true,
            "executable_users": null,
            "filter": [
              {
                "name": "name",
                "values": [
                  "amzn2-ami-hvm-*-x86_64-ebs"
                ]
              }
            ],
            "hypervisor": "xen",
            "id": "ami-0526a2527b50a2d9c",
            "image_id": "ami-0526a2527b50a2d9c",
            "image_location": "amazon/amzn2-ami-hvm-2.0.20241014.0-x86_64-ebs",
            "image_owner_alias": "amazon",
            "image_type": "machine",
            "imds_support": "",
            "include_deprecated": false,
            "kernel_id": "",
            "most_recent": true,
            "name": "amzn2-ami-hvm-2.0.20241014.0-x86_64-ebs",
            "name_regex": null,
            "owner_id": "137112412989",
            "owners": [
              "amazon"
            ],
            "platform": "",
            "platform_details": "Linux/UNIX",
            "product_codes": [],
            "public": true,
            "ramdisk_id": "",
            "root_device_name": "/dev/xvda",
            "root_device_type": "ebs",
            "root_snapshot_id": "snap-052382014ff7cbeda",
            "sriov_net_support": "simple",
            "state": "available",
            "state_reason": {
              "code": "UNSET",
              "message": "UNSET"
            },
            "tags": {},
            "timeouts": null,
            "tpm_support": "",
            "usage_operation": "RunInstances",
            "virtualization_type": "hvm"
          },
          "sensitive_attributes": []
        }
      ]
    },
    {
      "mode": "managed",
      "type": "aws_default_vpc",
      "name": "default_vpc",
      "provider": "provider[\"registry.terraform.io/hashicorp/aws\"]",
      "instances": [
        {
          "schema_version": 1,
          "attributes": {
            "arn": "arn:aws:ec2:us-east-1:136688660029:vpc/vpc-060675323cdfcf4c5",
            "assign_generated_ipv6_cidr_block": false,
            "cidr_block": "172.31.0.0/16",
            "default_network_acl_id": "acl-05af143457006110f",
            "default_route_table_id": "rtb-0d3ded4bd05c81201",
            "default_security_group_id": "sg-0c511e392c5a9e893",
            "dhcp_options_id": "dopt-03e978b5f9d9dbe0c",
            "enable_dns_hostnames": true,
            "enable_dns_support": true,
            "enable_network_address_usage_metrics": false,
            "existing_default_vpc": true,
            "force_destroy": false,
            "id": "vpc-060675323cdfcf4c5",
            "instance_tenancy": "default",
            "ipv6_association_id": "",
            "ipv6_cidr_block": "",
            "ipv6_cidr_block_network_border_group": "",
            "ipv6_ipam_pool_id": "",
            "ipv6_netmask_length": 0,
            "main_route_table_id": "rtb-0d3ded4bd05c81201",
            "owner_id": "136688660029",
            "tags": null,
            "tags_all": {}
          },
          "sensitive_attributes": [],
          "private": "eyJzY2hlbWFfdmVyc2lvbiI6IjEifQ=="
        }
      ]
    },
    {
      "mode": "managed",
      "type": "aws_instance",
      "name": "DockerInstance",
      "provider": "provider[\"registry.terraform.io/hashicorp/aws\"]",
      "instances": [
        {
          "schema_version": 1,
          "attributes": {
            "ami": "ami-0526a2527b50a2d9c",
            "arn": "arn:aws:ec2:us-east-1:136688660029:instance/i-0cdb507927ae0f1d7",
            "associate_public_ip_address": true,
            "availability_zone": "us-east-1b",
            "capacity_reservation_specification": [
              {
                "capacity_reservation_preference": "open",
                "capacity_reservation_target": []
              }
            ],
            "cpu_core_count": 1,
            "cpu_options": [
              {
                "amd_sev_snp": "",
                "core_count": 1,
                "threads_per_core": 1
              }
            ],
            "cpu_threads_per_core": 1,
            "credit_specification": [
              {
                "cpu_credits": "standard"
              }
            ],
            "disable_api_stop": false,
            "disable_api_termination": false,
            "ebs_block_device": [],
            "ebs_optimized": false,
            "enclave_options": [
              {
                "enabled": false
              }
            ],
            "ephemeral_block_device": [],
            "get_password_data": false,
            "hibernation": false,
            "host_id": "",
            "host_resource_group_arn": null,
            "iam_instance_profile": "",
            "id": "i-0cdb507927ae0f1d7",
            "instance_initiated_shutdown_behavior": "stop",
            "instance_lifecycle": "",
            "instance_market_options": [],
            "instance_state": "running",
            "instance_type": "t2.micro",
            "ipv6_address_count": 0,
            "ipv6_addresses": [],
            "key_name": "privatekeypair",
            "launch_template": [],
            "maintenance_options": [
              {
                "auto_recovery": "default"
              }
            ],
            "metadata_options": [
              {
                "http_endpoint": "enabled",
                "http_protocol_ipv6": "disabled",
                "http_put_response_hop_limit": 1,
                "http_tokens": "optional",
                "instance_metadata_tags": "disabled"
              }
            ],
            "monitoring": false,
            "network_interface": [],
            "outpost_arn": "",
            "password_data": "",
            "placement_group": "",
            "placement_partition_number": 0,
            "primary_network_interface_id": "eni-01b26b81d1b78ac65",
            "private_dns": "ip-172-31-38-114.ec2.internal",
            "private_dns_name_options": [
              {
                "enable_resource_name_dns_a_record": false,
                "enable_resource_name_dns_aaaa_record": false,
                "hostname_type": "ip-name"
              }
            ],
            "private_ip": "172.31.38.114",
            "public_dns": "ec2-54-80-81-140.compute-1.amazonaws.com",
            "public_ip": "54.80.81.140",
            "root_block_device": [
              {
                "delete_on_termination": true,
                "device_name": "/dev/xvda",
                "encrypted": false,
                "iops": 0,
                "kms_key_id": "",
                "tags": {},
                "tags_all": {},
                "throughput": 0,
                "volume_id": "vol-02146557d7904fcb3",
                "volume_size": 8,
                "volume_type": "standard"
              }
            ],
            "secondary_private_ips": [],
            "security_groups": [
              "docker-Web-SG"
            ],
            "source_dest_check": true,
            "spot_instance_request_id": "",
            "subnet_id": "subnet-0dcaa7602cb99c8a7",
            "tags": {
              "Name": "docker instance"
            },
            "tags_all": {
              "Name": "docker instance"
            },
            "tenancy": "default",
            "timeouts": null,
            "user_data": "7c95128e357b770cdce853ac48219705866b3f54",
            "user_data_base64": null,
            "user_data_replace_on_change": false,
            "volume_tags": null,
            "vpc_security_group_ids": [
              "sg-03337f10fd2a29e27"
            ]
          },
          "sensitive_attributes": [],
          "private": "eyJlMmJmYjczMC1lY2FhLTExZTYtOGY4OC0zNDM2M2JjN2M0YzAiOnsiY3JlYXRlIjo2MDAwMDAwMDAwMDAsImRlbGV0ZSI6MTIwMDAwMDAwMDAwMCwicmVhZCI6OTAwMDAwMDAwMDAwLCJ1cGRhdGUiOjYwMDAwMDAwMDAwMH0sInNjaGVtYV92ZXJzaW9uIjoiMSJ9",
          "dependencies": [
            "aws_default_vpc.default_vpc",
            "aws_key_pair.ec2_key",
            "aws_security_group.web-sg",
            "data.aws_ami.amazon-2",
            "tls_private_key.ec2_key"
          ]
        }
      ]
    },
    {
      "mode": "managed",
      "type": "aws_key_pair",
      "name": "ec2_key",
      "provider": "provider[\"registry.terraform.io/hashicorp/aws\"]",
      "instances": [
        {
          "schema_version": 1,
          "attributes": {
            "arn": "arn:aws:ec2:us-east-1:136688660029:key-pair/privatekeypair",
            "fingerprint": "48:73:0b:86:40:4d:6f:78:e6:22:b7:82:9a:14:26:c9",
            "id": "privatekeypair",
            "key_name": "privatekeypair",
            "key_name_prefix": "",
            "key_pair_id": "key-036017144f304298e",
            "key_type": "rsa",
            "public_key": "ssh-rsa AAAAB3NzaC1yc2EAAAADAQABAAABAQC9HKR+RceqQ+OlHuUcNuRn1mcuiu211Yul/WVZURewwhvPHORy6KrqC+rxFMiIrKrMY+xphZ5ew5FQN5pUOyyzUtbemDJbfrLE9gxKWhp6SIwIuHKak/FEruq+pySP/fI02yiF5xK172v+fxCLZIOm+U/yEoFm8x16YDWx5padWXs2uQbJwLDv32VY+sLeWNXNE9iehL0Y8fQTb6K7VnUGFEp0WAei3uNNm0SsJeYCWy6t82qrkBSSukY4Oa+Rz6aft48vfBKr1R3Nj/PIMMhs6HNT/NxkpmfWI4phcVQhbdsMZ7vzoSwp3/JmlzuLvnWobjPXF0FhY3zavpr+jYHb",
            "tags": null,
            "tags_all": {}
          },
          "sensitive_attributes": [],
          "private": "eyJzY2hlbWFfdmVyc2lvbiI6IjEifQ==",
          "dependencies": [
            "tls_private_key.ec2_key"
          ]
        }
      ]
    },
    {
      "mode": "managed",
      "type": "aws_security_group",
      "name": "web-sg",
      "provider": "provider[\"registry.terraform.io/hashicorp/aws\"]",
      "instances": [
        {
          "schema_version": 1,
          "attributes": {
            "arn": "arn:aws:ec2:us-east-1:136688660029:security-group/sg-03337f10fd2a29e27",
            "description": "Allow ssh and http inbound traffic",
            "egress": [
              {
                "cidr_blocks": [
                  "0.0.0.0/0"
                ],
                "description": "",
                "from_port": 0,
                "ipv6_cidr_blocks": [],
                "prefix_list_ids": [],
                "protocol": "-1",
                "security_groups": [],
                "self": false,
                "to_port": 0
              }
            ],
            "id": "sg-03337f10fd2a29e27",
            "ingress": [
              {
                "cidr_blocks": [
                  "0.0.0.0/0"
                ],
                "description": "ingress port ",
                "from_port": 22,
                "ipv6_cidr_blocks": [],
                "prefix_list_ids": [],
                "protocol": "tcp",
                "security_groups": [],
                "self": false,
                "to_port": 22
              },
              {
                "cidr_blocks": [
                  "0.0.0.0/0"
                ],
                "description": "ingress port ",
                "from_port": 8000,
                "ipv6_cidr_blocks": [],
                "prefix_list_ids": [],
                "protocol": "tcp",
                "security_groups": [],
                "self": false,
                "to_port": 8100
              }
            ],
            "name": "docker-Web-SG",
            "name_prefix": "",
            "owner_id": "136688660029",
            "revoke_rules_on_delete": false,
            "tags": {
              "Name": "docker-Web-SG"
            },
            "tags_all": {
              "Name": "docker-Web-SG"
            },
            "timeouts": null,
            "vpc_id": "vpc-060675323cdfcf4c5"
          },
          "sensitive_attributes": [],
          "private": "eyJlMmJmYjczMC1lY2FhLTExZTYtOGY4OC0zNDM2M2JjN2M0YzAiOnsiY3JlYXRlIjo2MDAwMDAwMDAwMDAsImRlbGV0ZSI6OTAwMDAwMDAwMDAwfSwic2NoZW1hX3ZlcnNpb24iOiIxIn0=",
          "dependencies": [
            "aws_default_vpc.default_vpc"
          ]
        }
      ]
    },
    {
      "mode": "managed",
      "type": "local_file",
      "name": "ssh_key",
      "provider": "provider[\"registry.terraform.io/hashicorp/local\"]",
      "instances": [
        {
          "schema_version": 0,
          "attributes": {
            "content": "-----BEGIN RSA PRIVATE KEY-----\nMIIEowIBAAKCAQEAvRykfkXHqkPjpR7lHDbkZ9ZnLorttdWLpf1lWVEXsMIbzxzk\ncuiq6gvq8RTIiKyqzGPsaYWeXsORUDeaVDsss1LW3pgyW36yxPYMSloaekiMCLhy\nmpPxRK7qvqckj/3yNNsohecSte9r/n8Qi2SDpvlP8hKBZvMdemA1seaWnVl7NrkG\nycCw799lWPrC3ljVzRPYnoS9GPH0E2+iu1Z1BhRKdFgHot7jTZtErCXmAlsurfNq\nq5AUkrpGODmvkc+mn7ePL3wSq9UdzY/zyDDIbOhzU/zcZKZn1iOKYXFUIW3bDGe7\n86EsKd/yZpc7i751qG4z1xdBYWN82r6a/o2B2wIDAQABAoIBAFL6QmL1k0puR3Co\nQbdDjqzRMq0FYJAshv3qVZH/Nvnj8ffKoaKZ3ISdfhUSHXt65+aO4ajbbEYAYb5k\n516WKGL2sjkxZscmrKIno/Tr3DpTor4g0Ihq6a5NYcsN48kakDAJCZrXbSpPR39/\nmW7QR8P4GNAKtqTJf+G2XVkV6HhZjcwuOBI7nNwxDRNpkhMUtO/Q0AF0Beu8ZW7s\noKhA2O4rCNx/q99BAn7IP5JJmsMGJdbj+2a8WHgTZRtyz6ely8/jGDvjA9X3dfau\n3sB0RZBso2BXHtMgE1L1wSf/xgTonM8HEmV97MMCD/Nm6fpqw/AL2mfHRwAtIUor\n4Yo4l2ECgYEA2CcibLNxhYbqVuBBsr6b4r9DYB4cOSlRvPy8tEOYczzVdaOiPzRm\nUOxdgwRk8/5boBOZ+7KG47dTgIVA0Lf6nKtuABzW2mBhe20BH/eG95BCKzeBlKTw\nunEGm56F+tChcN4qe/GC36h5OYWWSWXPDStUnZD6GRYiPYbP8n7QuYUCgYEA3/le\nFi8PnSZinfm/9UStLI80kmfNMLe7shdtrIKgHqOSBlpWfMUaJ3sItlgnq7dJTC5d\nHdRAyPqh8gs24Bxo7o4h0SyKX1mhdwVRWhIWaIS+muVMrJykxsICglA/Ol1PTTuh\nMct9ZJrokLvECmL/6QP+CecXb2BVtcXWjYYFe98CgYBlV9vdCTkVeM8QUm6bJqEh\n67jkLNngtw26xOiYwASPKxuN312nsqKyGFAzqHDIsR42bFpK10ZFJ+P/ovpjoY7f\nu8SESwE1O/EYlF/to/lkwv8zEgAwODEhyPJnLij1ErJOn+tdVzucL3o+zPJMkW5F\nZ2ZxxdJsxqLhI/8FXA3ynQKBgQDHSFH22xjBcw38EeRCj0CmjSTxv3pLBq/y3fWv\nsOpXWKLtFCQwEBAdYNN3qyhhGUwWhIpFqD2claTSgDfrYFvdJongXAkindWU2R5x\nTfayOKp/l9aJHzddwfIJkO0xOST+Szg53h1MDqkvXmIn+75Hzk2S8hNf/g9FFSq5\n8a2fcQKBgCRPJg7A2Tc8Zy6BXYB6vCZKHyftqxGlc321X2wRMf8VYerj1IWPwHYX\nNjuKgC1jbqccBMcYPFhTgKvtaWCr2YpKOcuab50aGthu42HRSs1e/FsLFKrj/4+Z\nidPCn8WYr/VD5S2Co/eYGNpVvT09GsGPwFWy1VxEteEWtuskeKyz\n-----END RSA PRIVATE KEY-----\n",
            "content_base64": null,
            "content_base64sha256": "3KYoEPNbF4RRu0xJCLLkr8XNoSK75ZG8D0QvO4GZYos=",
            "content_base64sha512": "tZeCTN5y+DW7z8Mf1fYHsea94eUqBHDAiXbcjPqqLCd3QlZTHxkBZYt8mvTGqpgNqqbSsbhg0IWMMgfJzVk+2g==",
            "content_md5": "bf3f42c979d5d03877ab9400a9fc90dc",
            "content_sha1": "a9cf2437279878baae9f2d49a1eadb1974d74453",
            "content_sha256": "dca62810f35b178451bb4c4908b2e4afc5cda122bbe591bc0f442f3b8199628b",
            "content_sha512": "b597824cde72f835bbcfc31fd5f607b1e6bde1e52a0470c08976dc8cfaaa2c27774256531f1901658b7c9af4c6aa980daaa6d2b1b860d0858c3207c9cd593eda",
            "directory_permission": "0777",
            "file_permission": "0777",
            "filename": "keypair.pem",
            "id": "a9cf2437279878baae9f2d49a1eadb1974d74453",
            "sensitive_content": null,
            "source": null
          },
          "sensitive_attributes": [
            [
              {
                "type": "get_attr",
                "value": "content"
              }
            ]
          ],
          "dependencies": [
            "tls_private_key.ec2_key"
          ]
        }
      ]
    },
    {
      "mode": "managed",
      "type": "tls_private_key",
      "name": "ec2_key",
      "provider": "provider[\"registry.terraform.io/hashicorp/tls\"]",
      "instances": [
        {
          "schema_version": 1,
          "attributes": {
            "algorithm": "RSA",
            "ecdsa_curve": "P224",
            "id": "ed43b76be023de7f95259be73626fed3fb609fa6",
            "private_key_openssh": "-----BEGIN OPENSSH PRIVATE KEY-----\nb3BlbnNzaC1rZXktdjEAAAAABG5vbmUAAAAEbm9uZQAAAAAAAAABAAABFwAAAAdz\nc2gtcnNhAAAAAwEAAQAAAQEAvRykfkXHqkPjpR7lHDbkZ9ZnLorttdWLpf1lWVEX\nsMIbzxzkcuiq6gvq8RTIiKyqzGPsaYWeXsORUDeaVDsss1LW3pgyW36yxPYMSloa\nekiMCLhympPxRK7qvqckj/3yNNsohecSte9r/n8Qi2SDpvlP8hKBZvMdemA1seaW\nnVl7NrkGycCw799lWPrC3ljVzRPYnoS9GPH0E2+iu1Z1BhRKdFgHot7jTZtErCXm\nAlsurfNqq5AUkrpGODmvkc+mn7ePL3wSq9UdzY/zyDDIbOhzU/zcZKZn1iOKYXFU\nIW3bDGe786EsKd/yZpc7i751qG4z1xdBYWN82r6a/o2B2wAAA7iIOYvYiDmL2AAA\nAAdzc2gtcnNhAAABAQC9HKR+RceqQ+OlHuUcNuRn1mcuiu211Yul/WVZURewwhvP\nHORy6KrqC+rxFMiIrKrMY+xphZ5ew5FQN5pUOyyzUtbemDJbfrLE9gxKWhp6SIwI\nuHKak/FEruq+pySP/fI02yiF5xK172v+fxCLZIOm+U/yEoFm8x16YDWx5padWXs2\nuQbJwLDv32VY+sLeWNXNE9iehL0Y8fQTb6K7VnUGFEp0WAei3uNNm0SsJeYCWy6t\n82qrkBSSukY4Oa+Rz6aft48vfBKr1R3Nj/PIMMhs6HNT/NxkpmfWI4phcVQhbdsM\nZ7vzoSwp3/JmlzuLvnWobjPXF0FhY3zavpr+jYHbAAAAAwEAAQAAAQBS+kJi9ZNK\nbkdwqEG3Q46s0TKtBWCQLIb96lWR/zb54/H3yqGimdyEnX4VEh17eufmjuGo22xG\nAGG+ZOdelihi9rI5MWbHJqyiJ6P069w6U6K+INCIaumuTWHLDePJGpAwCQma120q\nT0d/f5lu0EfD+BjQCrakyX/htl1ZFeh4WY3MLjgSO5zcMQ0TaZITFLTv0NABdAXr\nvGVu7KCoQNjuKwjcf6vfQQJ+yD+SSZrDBiXW4/tmvFh4E2Ubcs+npcvP4xg74wPV\n93X2rt7AdEWQbKNgVx7TIBNS9cEn/8YE6JzPBxJlfezDAg/zZun6asPwC9pnx0cA\nLSFKK+GKOJdhAAAAgCRPJg7A2Tc8Zy6BXYB6vCZKHyftqxGlc321X2wRMf8VYerj\n1IWPwHYXNjuKgC1jbqccBMcYPFhTgKvtaWCr2YpKOcuab50aGthu42HRSs1e/FsL\nFKrj/4+ZidPCn8WYr/VD5S2Co/eYGNpVvT09GsGPwFWy1VxEteEWtuskeKyzAAAA\ngQDYJyJss3GFhupW4EGyvpviv0NgHhw5KVG8/Ly0Q5hzPNV1o6I/NGZQ7F2DBGTz\n/lugE5n7sobjt1OAhUDQt/qcq24AHNbaYGF7bQEf94b3kEIrN4GUpPC6cQabnoX6\n0KFw3ip78YLfqHk5hZZJZc8NK1SdkPoZFiI9hs/yftC5hQAAAIEA3/leFi8PnSZi\nnfm/9UStLI80kmfNMLe7shdtrIKgHqOSBlpWfMUaJ3sItlgnq7dJTC5dHdRAyPqh\n8gs24Bxo7o4h0SyKX1mhdwVRWhIWaIS+muVMrJykxsICglA/Ol1PTTuhMct9ZJro\nkLvECmL/6QP+CecXb2BVtcXWjYYFe98AAAAAAQID\n-----END OPENSSH PRIVATE KEY-----\n",
            "private_key_pem": "-----BEGIN RSA PRIVATE KEY-----\nMIIEowIBAAKCAQEAvRykfkXHqkPjpR7lHDbkZ9ZnLorttdWLpf1lWVEXsMIbzxzk\ncuiq6gvq8RTIiKyqzGPsaYWeXsORUDeaVDsss1LW3pgyW36yxPYMSloaekiMCLhy\nmpPxRK7qvqckj/3yNNsohecSte9r/n8Qi2SDpvlP8hKBZvMdemA1seaWnVl7NrkG\nycCw799lWPrC3ljVzRPYnoS9GPH0E2+iu1Z1BhRKdFgHot7jTZtErCXmAlsurfNq\nq5AUkrpGODmvkc+mn7ePL3wSq9UdzY/zyDDIbOhzU/zcZKZn1iOKYXFUIW3bDGe7\n86EsKd/yZpc7i751qG4z1xdBYWN82r6a/o2B2wIDAQABAoIBAFL6QmL1k0puR3Co\nQbdDjqzRMq0FYJAshv3qVZH/Nvnj8ffKoaKZ3ISdfhUSHXt65+aO4ajbbEYAYb5k\n516WKGL2sjkxZscmrKIno/Tr3DpTor4g0Ihq6a5NYcsN48kakDAJCZrXbSpPR39/\nmW7QR8P4GNAKtqTJf+G2XVkV6HhZjcwuOBI7nNwxDRNpkhMUtO/Q0AF0Beu8ZW7s\noKhA2O4rCNx/q99BAn7IP5JJmsMGJdbj+2a8WHgTZRtyz6ely8/jGDvjA9X3dfau\n3sB0RZBso2BXHtMgE1L1wSf/xgTonM8HEmV97MMCD/Nm6fpqw/AL2mfHRwAtIUor\n4Yo4l2ECgYEA2CcibLNxhYbqVuBBsr6b4r9DYB4cOSlRvPy8tEOYczzVdaOiPzRm\nUOxdgwRk8/5boBOZ+7KG47dTgIVA0Lf6nKtuABzW2mBhe20BH/eG95BCKzeBlKTw\nunEGm56F+tChcN4qe/GC36h5OYWWSWXPDStUnZD6GRYiPYbP8n7QuYUCgYEA3/le\nFi8PnSZinfm/9UStLI80kmfNMLe7shdtrIKgHqOSBlpWfMUaJ3sItlgnq7dJTC5d\nHdRAyPqh8gs24Bxo7o4h0SyKX1mhdwVRWhIWaIS+muVMrJykxsICglA/Ol1PTTuh\nMct9ZJrokLvECmL/6QP+CecXb2BVtcXWjYYFe98CgYBlV9vdCTkVeM8QUm6bJqEh\n67jkLNngtw26xOiYwASPKxuN312nsqKyGFAzqHDIsR42bFpK10ZFJ+P/ovpjoY7f\nu8SESwE1O/EYlF/to/lkwv8zEgAwODEhyPJnLij1ErJOn+tdVzucL3o+zPJMkW5F\nZ2ZxxdJsxqLhI/8FXA3ynQKBgQDHSFH22xjBcw38EeRCj0CmjSTxv3pLBq/y3fWv\nsOpXWKLtFCQwEBAdYNN3qyhhGUwWhIpFqD2claTSgDfrYFvdJongXAkindWU2R5x\nTfayOKp/l9aJHzddwfIJkO0xOST+Szg53h1MDqkvXmIn+75Hzk2S8hNf/g9FFSq5\n8a2fcQKBgCRPJg7A2Tc8Zy6BXYB6vCZKHyftqxGlc321X2wRMf8VYerj1IWPwHYX\nNjuKgC1jbqccBMcYPFhTgKvtaWCr2YpKOcuab50aGthu42HRSs1e/FsLFKrj/4+Z\nidPCn8WYr/VD5S2Co/eYGNpVvT09GsGPwFWy1VxEteEWtuskeKyz\n-----END RSA PRIVATE KEY-----\n",
            "private_key_pem_pkcs8": "-----BEGIN PRIVATE KEY-----\nMIIEvQIBADANBgkqhkiG9w0BAQEFAASCBKcwggSjAgEAAoIBAQC9HKR+RceqQ+Ol\nHuUcNuRn1mcuiu211Yul/WVZURewwhvPHORy6KrqC+rxFMiIrKrMY+xphZ5ew5FQ\nN5pUOyyzUtbemDJbfrLE9gxKWhp6SIwIuHKak/FEruq+pySP/fI02yiF5xK172v+\nfxCLZIOm+U/yEoFm8x16YDWx5padWXs2uQbJwLDv32VY+sLeWNXNE9iehL0Y8fQT\nb6K7VnUGFEp0WAei3uNNm0SsJeYCWy6t82qrkBSSukY4Oa+Rz6aft48vfBKr1R3N\nj/PIMMhs6HNT/NxkpmfWI4phcVQhbdsMZ7vzoSwp3/JmlzuLvnWobjPXF0FhY3za\nvpr+jYHbAgMBAAECggEAUvpCYvWTSm5HcKhBt0OOrNEyrQVgkCyG/epVkf82+ePx\n98qhopnchJ1+FRIde3rn5o7hqNtsRgBhvmTnXpYoYvayOTFmxyasoiej9OvcOlOi\nviDQiGrprk1hyw3jyRqQMAkJmtdtKk9Hf3+ZbtBHw/gY0Aq2pMl/4bZdWRXoeFmN\nzC44Ejuc3DENE2mSExS079DQAXQF67xlbuygqEDY7isI3H+r30ECfsg/kkmawwYl\n1uP7ZrxYeBNlG3LPp6XLz+MYO+MD1fd19q7ewHRFkGyjYFce0yATUvXBJ//GBOic\nzwcSZX3swwIP82bp+mrD8AvaZ8dHAC0hSivhijiXYQKBgQDYJyJss3GFhupW4EGy\nvpviv0NgHhw5KVG8/Ly0Q5hzPNV1o6I/NGZQ7F2DBGTz/lugE5n7sobjt1OAhUDQ\nt/qcq24AHNbaYGF7bQEf94b3kEIrN4GUpPC6cQabnoX60KFw3ip78YLfqHk5hZZJ\nZc8NK1SdkPoZFiI9hs/yftC5hQKBgQDf+V4WLw+dJmKd+b/1RK0sjzSSZ80wt7uy\nF22sgqAeo5IGWlZ8xRonewi2WCert0lMLl0d1EDI+qHyCzbgHGjujiHRLIpfWaF3\nBVFaEhZohL6a5UysnKTGwgKCUD86XU9NO6Exy31kmuiQu8QKYv/pA/4J5xdvYFW1\nxdaNhgV73wKBgGVX290JORV4zxBSbpsmoSHruOQs2eC3DbrE6JjABI8rG43fXaey\norIYUDOocMixHjZsWkrXRkUn4/+i+mOhjt+7xIRLATU78RiUX+2j+WTC/zMSADA4\nMSHI8mcuKPUSsk6f611XO5wvej7M8kyRbkVnZnHF0mzGouEj/wVcDfKdAoGBAMdI\nUfbbGMFzDfwR5EKPQKaNJPG/eksGr/Ld9a+w6ldYou0UJDAQEB1g03erKGEZTBaE\nikWoPZyVpNKAN+tgW90mieBcCSKd1ZTZHnFN9rI4qn+X1okfN13B8gmQ7TE5JP5L\nODneHUwOqS9eYif7vkfOTZLyE1/+D0UVKrnxrZ9xAoGAJE8mDsDZNzxnLoFdgHq8\nJkofJ+2rEaVzfbVfbBEx/xVh6uPUhY/Adhc2O4qALWNupxwExxg8WFOAq+1pYKvZ\niko5y5pvnRoa2G7jYdFKzV78WwsUquP/j5mJ08KfxZiv9UPlLYKj95gY2lW9PT0a\nwY/AVbLVXES14Ra26yR4rLM=\n-----END PRIVATE KEY-----\n",
            "public_key_fingerprint_md5": "72:b0:d0:bf:33:46:de:ea:d5:ea:38:e8:1e:97:28:88",
            "public_key_fingerprint_sha256": "SHA256:dWks/35KG0wgPIWmLcqiqhAbIXVAAruUsj0qVZDvuOc",
            "public_key_openssh": "ssh-rsa AAAAB3NzaC1yc2EAAAADAQABAAABAQC9HKR+RceqQ+OlHuUcNuRn1mcuiu211Yul/WVZURewwhvPHORy6KrqC+rxFMiIrKrMY+xphZ5ew5FQN5pUOyyzUtbemDJbfrLE9gxKWhp6SIwIuHKak/FEruq+pySP/fI02yiF5xK172v+fxCLZIOm+U/yEoFm8x16YDWx5padWXs2uQbJwLDv32VY+sLeWNXNE9iehL0Y8fQTb6K7VnUGFEp0WAei3uNNm0SsJeYCWy6t82qrkBSSukY4Oa+Rz6aft48vfBKr1R3Nj/PIMMhs6HNT/NxkpmfWI4phcVQhbdsMZ7vzoSwp3/JmlzuLvnWobjPXF0FhY3zavpr+jYHb\n",
            "public_key_pem": "-----BEGIN PUBLIC KEY-----\nMIIBIjANBgkqhkiG9w0BAQEFAAOCAQ8AMIIBCgKCAQEAvRykfkXHqkPjpR7lHDbk\nZ9ZnLorttdWLpf1lWVEXsMIbzxzkcuiq6gvq8RTIiKyqzGPsaYWeXsORUDeaVDss\ns1LW3pgyW36yxPYMSloaekiMCLhympPxRK7qvqckj/3yNNsohecSte9r/n8Qi2SD\npvlP8hKBZvMdemA1seaWnVl7NrkGycCw799lWPrC3ljVzRPYnoS9GPH0E2+iu1Z1\nBhRKdFgHot7jTZtErCXmAlsurfNqq5AUkrpGODmvkc+mn7ePL3wSq9UdzY/zyDDI\nbOhzU/zcZKZn1iOKYXFUIW3bDGe786EsKd/yZpc7i751qG4z1xdBYWN82r6a/o2B\n2wIDAQAB\n-----END PUBLIC KEY-----\n",
            "rsa_bits": 2048
          },
          "sensitive_attributes": []
        }
      ]
    }
  ],
  "check_results": null
}
